
Microsoft Visual Studio Solution File, Format Version 10.00
# Visual Studio 2008
Project("{FAE04EC0-301F-11D3-BF4B-00C04F79EFBC}") = "WordPasterJMEditor", "JMEditor.csproj", "{EB54D36C-6D96-4B29-AAFC-E1F90194C00C}"
EndProject
Global
	GlobalSection(SolutionConfigurationPlatforms) = preSolution
		Debug|Any CPU = Debug|Any CPU
		Release|Any CPU = Release|Any CPU
	EndGlobalSection
	GlobalSection(ProjectConfigurationPlatforms) = postSolution
		{EB54D36C-6D96-4B29-AAFC-E1F90194C00C}.Debug|Any CPU.ActiveCfg = Debug|Any CPU
		{EB54D36C-6D96-4B29-AAFC-E1F90194C00C}.Debug|Any CPU.Build.0 = Debug|Any CPU
		{EB54D36C-6D96-4B29-AAFC-E1F90194C00C}.Release|Any CPU.ActiveCfg = Release|Any CPU
		{EB54D36C-6D96-4B29-AAFC-E1F90194C00C}.Release|Any CPU.Build.0 = Release|Any CPU
	EndGlobalSection
	GlobalSection(SolutionProperties) = preSolution
		HideSolutionNode = FALSE
	EndGlobalSection
EndGlobal
